<?xml version="1.0" encoding="utf-8"?>
<Project ToolsVersion="4.0" xmlns="http://schemas.microsoft.com/developer/msbuild/2003">
  <ItemGroup>
    <ClInclude Include="src\EyeImage.h">
      <Filter>PS Move\Eye</Filter>
    </ClInclude>
    <ClInclude Include="src\Helpers.h">
      <Filter>Helpers</Filter>
    </ClInclude>
    <ClInclude Include="src\hidapi.h">
      <Filter>PS Move\Device</Filter>
    </ClInclude>
    <ClInclude Include="src\IniFile.h">
      <Filter>Helpers</Filter>
    </ClInclude>
    <ClInclude Include="src\kalman.h">
      <Filter>Helpers</Filter>
    </ClInclude>
    <ClInclude Include="src\MadgwickAHRS.h">
      <Filter>PS Move\Orientation</Filter>
    </ClInclude>
    <ClInclude Include="src\MoveCalibration.h">
      <Filter>PS Move\Calibration</Filter>
    </ClInclude>
    <ClInclude Include="src\MoveController.h">
      <Filter>PS Move</Filter>
    </ClInclude>
    <ClInclude Include="src\MoveManager.h">
      <Filter>PS Move</Filter>
    </ClInclude>
    <ClInclude Include="src\MoveOrientation.h">
      <Filter>PS Move\Orientation</Filter>
    </ClInclude>
    <ClInclude Include="src\MoveRawCalibration.h">
      <Filter>PS Move\Calibration</Filter>
    </ClInclude>
    <ClInclude Include="src\simplex.h">
      <Filter>Helpers</Filter>
    </ClInclude>
    <ClInclude Include="public_include\Vec3.h">
      <Filter>Math</Filter>
    </ClInclude>
    <ClInclude Include="public_include\Quat.h">
      <Filter>Math</Filter>
    </ClInclude>
    <ClInclude Include="src\MoveExceptions.h" />
    <ClInclude Include="src\MoveIncludes.h" />
    <ClInclude Include="public_include\Mat3.h">
      <Filter>Math</Filter>
    </ClInclude>
    <ClInclude Include="public_include\Vec2.h">
      <Filter>Math</Filter>
    </ClInclude>
    <ClInclude Include="src\MoveDevice.h">
      <Filter>PS Move\Device</Filter>
    </ClInclude>
    <ClInclude Include="public_include\IEyeController.h">
      <Filter>Interface</Filter>
    </ClInclude>
    <ClInclude Include="public_include\IMoveController.h">
      <Filter>Interface</Filter>
    </ClInclude>
    <ClInclude Include="public_include\IMoveManager.h">
      <Filter>Interface</Filter>
    </ClInclude>
    <ClInclude Include="public_include\IMoveObserver.h">
      <Filter>Interface</Filter>
    </ClInclude>
    <ClInclude Include="public_include\MoveFactory.h" />
    <ClInclude Include="public_include\MoveConfig.h" />
    <ClInclude Include="src\EyeController.h">
      <Filter>PS Move\Eye</Filter>
    </ClInclude>
    <ClInclude Include="src\MoveBall.h">
      <Filter>PS Move\Eye</Filter>
    </ClInclude>
    <ClInclude Include="src\BallColorManager.h">
      <Filter>PS Move\Eye</Filter>
    </ClInclude>
    <ClInclude Include="public_include\MoveColors.h">
      <Filter>PS Move\Eye</Filter>
    </ClInclude>
    <ClInclude Include="src\BallManager.h">
      <Filter>PS Move\Eye</Filter>
    </ClInclude>
    <ClInclude Include="src\MoveLock.h">
      <Filter>Helpers</Filter>
    </ClInclude>
    <ClInclude Include="src\ContourFinder.h">
      <Filter>PS Move\Eye</Filter>
    </ClInclude>
    <ClInclude Include="src\BallFitAlgorithm.h">
      <Filter>PS Move\Eye</Filter>
    </ClInclude>
    <ClInclude Include="src\Functor.h">
      <Filter>Helpers</Filter>
    </ClInclude>
    <ClInclude Include="src\PredictionFilter.h">
      <Filter>Helpers</Filter>
    </ClInclude>
    <ClInclude Include="public_include\MoveButton.h">
      <Filter>PS Move</Filter>
    </ClInclude>
    <ClInclude Include="public_include\MoveData.h">
      <Filter>PS Move</Filter>
    </ClInclude>
    <ClInclude Include="public_include\INavController.h">
      <Filter>Interface</Filter>
    </ClInclude>
    <ClInclude Include="public_include\NavData.h">
      <Filter>PS Move\NavigationController</Filter>
    </ClInclude>
    <ClInclude Include="src\NavController.h">
      <Filter>PS Move\NavigationController</Filter>
    </ClInclude>
  </ItemGroup>
  <ItemGroup>
    <ClCompile Include="src\MoveFactory.cpp" />
    <ClCompile Include="src\EyeImage.cpp">
      <Filter>PS Move\Eye</Filter>
    </ClCompile>
    <ClCompile Include="src\MoveCalibration.cpp">
      <Filter>PS Move\Calibration</Filter>
    </ClCompile>
    <ClCompile Include="src\MoveRawCalibration.cpp">
      <Filter>PS Move\Calibration</Filter>
    </ClCompile>
    <ClCompile Include="src\MoveManager.cpp">
      <Filter>PS Move</Filter>
    </ClCompile>
    <ClCompile Include="src\MoveController.cpp">
      <Filter>PS Move</Filter>
    </ClCompile>
    <ClCompile Include="src\MoveDevice.cpp">
      <Filter>PS Move\Device</Filter>
    </ClCompile>
    <ClCompile Include="src\MoveOrientation.cpp">
      <Filter>PS Move\Orientation</Filter>
    </ClCompile>
    <ClCompile Include="src\MadgwickAHRS.cpp">
      <Filter>PS Move\Orientation</Filter>
    </ClCompile>
    <ClCompile Include="src\Vec3.cpp">
      <Filter>Math</Filter>
    </ClCompile>
    <ClCompile Include="src\Quat.cpp">
      <Filter>Math</Filter>
    </ClCompile>
    <ClCompile Include="src\Mat3.cpp">
      <Filter>Math</Filter>
    </ClCompile>
    <ClCompile Include="src\Vec2.cpp">
      <Filter>Math</Filter>
    </ClCompile>
    <ClCompile Include="src\EyeController.cpp">
      <Filter>PS Move\Eye</Filter>
    </ClCompile>
    <ClCompile Include="src\BallColorManager.cpp">
      <Filter>PS Move\Eye</Filter>
    </ClCompile>
    <ClCompile Include="src\MoveBall.cpp">
      <Filter>PS Move\Eye</Filter>
    </ClCompile>
    <ClCompile Include="src\BallManager.cpp">
      <Filter>PS Move\Eye</Filter>
    </ClCompile>
    <ClCompile Include="src\MoveLock.cpp">
      <Filter>Helpers</Filter>
    </ClCompile>
    <ClCompile Include="src\ContourFinder.cpp">
      <Filter>PS Move\Eye</Filter>
    </ClCompile>
    <ClCompile Include="src\BallFitAlgorithm.cpp">
      <Filter>PS Move\Eye</Filter>
    </ClCompile>
    <ClCompile Include="src\PredictionFilter.cpp">
      <Filter>Helpers</Filter>
    </ClCompile>
    <ClCompile Include="src\NavController.cpp">
      <Filter>PS Move\NavigationController</Filter>
    </ClCompile>
  </ItemGroup>
  <ItemGroup>
    <Filter Include="PS Move">
      <UniqueIdentifier>{aa3c2f25-0016-48b5-b2e3-b1ed52012af7}</UniqueIdentifier>
    </Filter>
    <Filter Include="PS Move\Calibration">
      <UniqueIdentifier>{440d582b-2fbe-4d56-8c78-db2dff34e4c9}</UniqueIdentifier>
    </Filter>
    <Filter Include="PS Move\Eye">
      <UniqueIdentifier>{f64a3d10-5d7d-4f36-bcc1-d22008ee1a25}</UniqueIdentifier>
    </Filter>
    <Filter Include="PS Move\Device">
      <UniqueIdentifier>{ac066d77-a909-41e6-af3c-6500ff80702e}</UniqueIdentifier>
    </Filter>
    <Filter Include="Helpers">
      <UniqueIdentifier>{e1eba316-a2d5-4feb-a7f8-274b5452adba}</UniqueIdentifier>
    </Filter>
    <Filter Include="PS Move\Orientation">
      <UniqueIdentifier>{e5dc733e-294e-44ee-866e-8c3eb89ac047}</UniqueIdentifier>
    </Filter>
    <Filter Include="Math">
      <UniqueIdentifier>{5b50740f-0e94-4541-b2b7-f4597364e165}</UniqueIdentifier>
    </Filter>
    <Filter Include="Interface">
      <UniqueIdentifier>{86dd3feb-928e-4f05-90f7-1ec812dffc09}</UniqueIdentifier>
    </Filter>
    <Filter Include="PS Move\NavigationController">
      <UniqueIdentifier>{e1bd1d15-93f8-4244-9506-1bf15995b8d5}</UniqueIdentifier>
    </Filter>
  </ItemGroup>
</Project>